
Microsoft Visual Studio Solution File, Format Version 12.00
# Visual Studio 2017
Project("{FAE04EC0-301F-11D3-BF4B-00C04F79EFBC}") = "Project", "Project.csproj", "{824F454C-2884-A9FE-0ABA-A64A827082DD}"
EndProject
Project("{FAE04EC0-301F-11D3-BF4B-00C04F79EFBC}") = "Project.Editor", "Project.Editor.csproj", "{1F914D95-9CA4-EA20-75D7-50AB0027589E}"
EndProject
Project("{FAE04EC0-301F-11D3-BF4B-00C04F79EFBC}") = "Project", "Assembly-CSharp-Editor.csproj", "{6CDB4719-1D28-38FF-BF92-A07FF7EAE25F}"
EndProject
Global
	GlobalSection(SolutionConfigurationPlatforms) = preSolution
		Debug|Any CPU = Debug|Any CPU
		Release|Any CPU = Release|Any CPU
	EndGlobalSection
	GlobalSection(ProjectConfigurationPlatforms) = postSolution
<<<<<<< HEAD
		{5B9FF267-005F-A3BF-219E-FEAE2D8C894F}.Debug|Any CPU.ActiveCfg = Debug|Any CPU
		{5B9FF267-005F-A3BF-219E-FEAE2D8C894F}.Debug|Any CPU.Build.0 = Debug|Any CPU
		{5B9FF267-005F-A3BF-219E-FEAE2D8C894F}.Release|Any CPU.ActiveCfg = Release|Any CPU
		{5B9FF267-005F-A3BF-219E-FEAE2D8C894F}.Release|Any CPU.Build.0 = Release|Any CPU
		{6CDB4719-1D28-38FF-BF92-A07FF7EAE25F}.Debug|Any CPU.ActiveCfg = Debug|Any CPU
		{6CDB4719-1D28-38FF-BF92-A07FF7EAE25F}.Debug|Any CPU.Build.0 = Debug|Any CPU
		{6CDB4719-1D28-38FF-BF92-A07FF7EAE25F}.Release|Any CPU.ActiveCfg = Release|Any CPU
		{6CDB4719-1D28-38FF-BF92-A07FF7EAE25F}.Release|Any CPU.Build.0 = Release|Any CPU
=======
		{824F454C-2884-A9FE-0ABA-A64A827082DD}.Debug|Any CPU.ActiveCfg = Debug|Any CPU
		{824F454C-2884-A9FE-0ABA-A64A827082DD}.Debug|Any CPU.Build.0 = Debug|Any CPU
		{824F454C-2884-A9FE-0ABA-A64A827082DD}.Release|Any CPU.ActiveCfg = Release|Any CPU
		{824F454C-2884-A9FE-0ABA-A64A827082DD}.Release|Any CPU.Build.0 = Release|Any CPU
		{1F914D95-9CA4-EA20-75D7-50AB0027589E}.Debug|Any CPU.ActiveCfg = Debug|Any CPU
		{1F914D95-9CA4-EA20-75D7-50AB0027589E}.Debug|Any CPU.Build.0 = Debug|Any CPU
		{1F914D95-9CA4-EA20-75D7-50AB0027589E}.Release|Any CPU.ActiveCfg = Release|Any CPU
		{1F914D95-9CA4-EA20-75D7-50AB0027589E}.Release|Any CPU.Build.0 = Release|Any CPU
>>>>>>> 41e7902dfb5897ec7b39399da421abf24840f67b
	EndGlobalSection
	GlobalSection(SolutionProperties) = preSolution
		HideSolutionNode = FALSE
	EndGlobalSection
EndGlobal
